
Microsoft Visual Studio Solution File, Format Version 12.00
# Visual Studio Version 17
VisualStudioVersion = 17.12.35527.113
MinimumVisualStudioVersion = 10.0.40219.1
Project("{2150E333-8FDC-42A3-9474-1A3956D46DE8}") = "src", "src", "{AF0E583E-5A3B-4565-B455-7C81335EAEE3}"
EndProject
Project("{2150E333-8FDC-42A3-9474-1A3956D46DE8}") = "01.Domain", "01.Domain", "{77D6BE4F-1817-4797-81D9-33B911782834}"
EndProject
Project("{2150E333-8FDC-42A3-9474-1A3956D46DE8}") = "02.Infrastructure", "02.Infrastructure", "{102074C8-84B8-4578-A97D-02F87E7A598B}"
EndProject
Project("{2150E333-8FDC-42A3-9474-1A3956D46DE8}") = "03.Endpoints", "03.Endpoints", "{9B22DB8A-11EF-49E1-89C7-5E3E3DF7253D}"
EndProject
Project("{2150E333-8FDC-42A3-9474-1A3956D46DE8}") = "Core", "Core", "{F613AC78-75C3-4C00-8DE6-6A2851D92DF4}"
EndProject
Project("{2150E333-8FDC-42A3-9474-1A3956D46DE8}") = "Services", "Services", "{CDF9AEB2-A8CB-4B2D-9D28-BA8AB27C0E25}"
EndProject
Project("{FAE04EC0-301F-11D3-BF4B-00C04F79EFBC}") = "App.Domain.Core", "src\01.Domain\Core\App.Domain.Core\App.Domain.Core.csproj", "{8191D4ED-0677-4187-A5D3-58FD2617AAA5}"
EndProject
Project("{FAE04EC0-301F-11D3-BF4B-00C04F79EFBC}") = "App.Domain.Service", "src\01.Domain\Services\App.Domain.Service\App.Domain.Service.csproj", "{C6546835-3C41-44B0-B18C-D02B19D1825C}"
EndProject
Project("{FAE04EC0-301F-11D3-BF4B-00C04F79EFBC}") = "App.Domain.AppService", "src\01.Domain\Services\App.Domain.AppService\App.Domain.AppService.csproj", "{B40A130B-4869-48A9-BD53-E095560A1BDA}"
EndProject
Project("{FAE04EC0-301F-11D3-BF4B-00C04F79EFBC}") = "App.Infrastructure.EFCore", "src\02.Infrastructure\App.Infrastructure.EFCore\App.Infrastructure.EFCore.csproj", "{40CC03C5-A878-4832-8E5C-9B69684A49C7}"
EndProject
Project("{FAE04EC0-301F-11D3-BF4B-00C04F79EFBC}") = "App.EndPoints.RazorPages", "src\03.EndPoints\App.EndPoints.RazorPages\App.EndPoints.RazorPages.csproj", "{CB58F597-D454-4D9A-A542-B23E52F49CDE}"
EndProject
Project("{FAE04EC0-301F-11D3-BF4B-00C04F79EFBC}") = "App.Infrastructure.InMemoryDb", "src\02.Infrastructure\App.Infrastructure.InMemoryDb\App.Infrastructure.InMemoryDb.csproj", "{E53EAFB2-6FD7-40C9-B79F-D9EBB1BD1FB0}"
EndProject
Project("{FAE04EC0-301F-11D3-BF4B-00C04F79EFBC}") = "App.EndPoints.Api", "src\03.EndPoints\App.EndPoints.Api\App.EndPoints.Api.csproj", "{2C767A4A-7D38-4AC5-8499-6658EDEDDFDD}"
EndProject
Global
	GlobalSection(SolutionConfigurationPlatforms) = preSolution
		Debug|Any CPU = Debug|Any CPU
		Release|Any CPU = Release|Any CPU
	EndGlobalSection
	GlobalSection(ProjectConfigurationPlatforms) = postSolution
		{8191D4ED-0677-4187-A5D3-58FD2617AAA5}.Debug|Any CPU.ActiveCfg = Debug|Any CPU
		{8191D4ED-0677-4187-A5D3-58FD2617AAA5}.Debug|Any CPU.Build.0 = Debug|Any CPU
		{8191D4ED-0677-4187-A5D3-58FD2617AAA5}.Release|Any CPU.ActiveCfg = Release|Any CPU
		{8191D4ED-0677-4187-A5D3-58FD2617AAA5}.Release|Any CPU.Build.0 = Release|Any CPU
		{C6546835-3C41-44B0-B18C-D02B19D1825C}.Debug|Any CPU.ActiveCfg = Debug|Any CPU
		{C6546835-3C41-44B0-B18C-D02B19D1825C}.Debug|Any CPU.Build.0 = Debug|Any CPU
		{C6546835-3C41-44B0-B18C-D02B19D1825C}.Release|Any CPU.ActiveCfg = Release|Any CPU
		{C6546835-3C41-44B0-B18C-D02B19D1825C}.Release|Any CPU.Build.0 = Release|Any CPU
		{B40A130B-4869-48A9-BD53-E095560A1BDA}.Debug|Any CPU.ActiveCfg = Debug|Any CPU
		{B40A130B-4869-48A9-BD53-E095560A1BDA}.Debug|Any CPU.Build.0 = Debug|Any CPU
		{B40A130B-4869-48A9-BD53-E095560A1BDA}.Release|Any CPU.ActiveCfg = Release|Any CPU
		{B40A130B-4869-48A9-BD53-E095560A1BDA}.Release|Any CPU.Build.0 = Release|Any CPU
		{40CC03C5-A878-4832-8E5C-9B69684A49C7}.Debug|Any CPU.ActiveCfg = Debug|Any CPU
		{40CC03C5-A878-4832-8E5C-9B69684A49C7}.Debug|Any CPU.Build.0 = Debug|Any CPU
		{40CC03C5-A878-4832-8E5C-9B69684A49C7}.Release|Any CPU.ActiveCfg = Release|Any CPU
		{40CC03C5-A878-4832-8E5C-9B69684A49C7}.Release|Any CPU.Build.0 = Release|Any CPU
		{CB58F597-D454-4D9A-A542-B23E52F49CDE}.Debug|Any CPU.ActiveCfg = Debug|Any CPU
		{CB58F597-D454-4D9A-A542-B23E52F49CDE}.Debug|Any CPU.Build.0 = Debug|Any CPU
		{CB58F597-D454-4D9A-A542-B23E52F49CDE}.Release|Any CPU.ActiveCfg = Release|Any CPU
		{CB58F597-D454-4D9A-A542-B23E52F49CDE}.Release|Any CPU.Build.0 = Release|Any CPU
		{E53EAFB2-6FD7-40C9-B79F-D9EBB1BD1FB0}.Debug|Any CPU.ActiveCfg = Debug|Any CPU
		{E53EAFB2-6FD7-40C9-B79F-D9EBB1BD1FB0}.Debug|Any CPU.Build.0 = Debug|Any CPU
		{E53EAFB2-6FD7-40C9-B79F-D9EBB1BD1FB0}.Release|Any CPU.ActiveCfg = Release|Any CPU
		{E53EAFB2-6FD7-40C9-B79F-D9EBB1BD1FB0}.Release|Any CPU.Build.0 = Release|Any CPU
		{2C767A4A-7D38-4AC5-8499-6658EDEDDFDD}.Debug|Any CPU.ActiveCfg = Debug|Any CPU
		{2C767A4A-7D38-4AC5-8499-6658EDEDDFDD}.Debug|Any CPU.Build.0 = Debug|Any CPU
		{2C767A4A-7D38-4AC5-8499-6658EDEDDFDD}.Release|Any CPU.ActiveCfg = Release|Any CPU
		{2C767A4A-7D38-4AC5-8499-6658EDEDDFDD}.Release|Any CPU.Build.0 = Release|Any CPU
	EndGlobalSection
	GlobalSection(SolutionProperties) = preSolution
		HideSolutionNode = FALSE
	EndGlobalSection
	GlobalSection(NestedProjects) = preSolution
		{77D6BE4F-1817-4797-81D9-33B911782834} = {AF0E583E-5A3B-4565-B455-7C81335EAEE3}
		{102074C8-84B8-4578-A97D-02F87E7A598B} = {AF0E583E-5A3B-4565-B455-7C81335EAEE3}
		{9B22DB8A-11EF-49E1-89C7-5E3E3DF7253D} = {AF0E583E-5A3B-4565-B455-7C81335EAEE3}
		{F613AC78-75C3-4C00-8DE6-6A2851D92DF4} = {77D6BE4F-1817-4797-81D9-33B911782834}
		{CDF9AEB2-A8CB-4B2D-9D28-BA8AB27C0E25} = {77D6BE4F-1817-4797-81D9-33B911782834}
		{8191D4ED-0677-4187-A5D3-58FD2617AAA5} = {F613AC78-75C3-4C00-8DE6-6A2851D92DF4}
		{C6546835-3C41-44B0-B18C-D02B19D1825C} = {CDF9AEB2-A8CB-4B2D-9D28-BA8AB27C0E25}
		{B40A130B-4869-48A9-BD53-E095560A1BDA} = {CDF9AEB2-A8CB-4B2D-9D28-BA8AB27C0E25}
		{40CC03C5-A878-4832-8E5C-9B69684A49C7} = {102074C8-84B8-4578-A97D-02F87E7A598B}
		{CB58F597-D454-4D9A-A542-B23E52F49CDE} = {9B22DB8A-11EF-49E1-89C7-5E3E3DF7253D}
		{E53EAFB2-6FD7-40C9-B79F-D9EBB1BD1FB0} = {102074C8-84B8-4578-A97D-02F87E7A598B}
		{2C767A4A-7D38-4AC5-8499-6658EDEDDFDD} = {9B22DB8A-11EF-49E1-89C7-5E3E3DF7253D}
	EndGlobalSection
EndGlobal
